
Microsoft Visual Studio Solution File, Format Version 12.00
# Visual Studio Version 17
VisualStudioVersion = 17.1.32210.238
MinimumVisualStudioVersion = 10.0.40219.1
Project("{FAE04EC0-301F-11D3-BF4B-00C04F79EFBC}") = "1700_aprovado_reprovado_media_5", "1700_aprovado_reprovado_media_5.csproj", "{8ED7E42F-322A-4137-9B7A-ADD753707DB8}"
EndProject
Global
	GlobalSection(SolutionConfigurationPlatforms) = preSolution
		Debug|Any CPU = Debug|Any CPU
		Release|Any CPU = Release|Any CPU
	EndGlobalSection
	GlobalSection(ProjectConfigurationPlatforms) = postSolution
		{8ED7E42F-322A-4137-9B7A-ADD753707DB8}.Debug|Any CPU.ActiveCfg = Debug|Any CPU
		{8ED7E42F-322A-4137-9B7A-ADD753707DB8}.Debug|Any CPU.Build.0 = Debug|Any CPU
		{8ED7E42F-322A-4137-9B7A-ADD753707DB8}.Release|Any CPU.ActiveCfg = Release|Any CPU
		{8ED7E42F-322A-4137-9B7A-ADD753707DB8}.Release|Any CPU.Build.0 = Release|Any CPU
	EndGlobalSection
	GlobalSection(SolutionProperties) = preSolution
		HideSolutionNode = FALSE
	EndGlobalSection
	GlobalSection(ExtensibilityGlobals) = postSolution
		SolutionGuid = {863D6350-5441-4422-881D-00B0701BAB41}
	EndGlobalSection
EndGlobal
